
Microsoft Visual Studio Solution File, Format Version 12.00
# Visual Studio Version 16
VisualStudioVersion = 16.0.31624.102
MinimumVisualStudioVersion = 10.0.40219.1
Project("{F184B08F-C81C-45F6-A57F-5ABD9991F28F}") = "ConsoleApp1", "ConsoleApp1.vbproj", "{B55B3936-1F09-4C3A-B703-126A0C2AEBC9}"
EndProject
Global
	GlobalSection(SolutionConfigurationPlatforms) = preSolution
		Debug|Any CPU = Debug|Any CPU
		Release|Any CPU = Release|Any CPU
	EndGlobalSection
	GlobalSection(ProjectConfigurationPlatforms) = postSolution
		{B55B3936-1F09-4C3A-B703-126A0C2AEBC9}.Debug|Any CPU.ActiveCfg = Debug|Any CPU
		{B55B3936-1F09-4C3A-B703-126A0C2AEBC9}.Debug|Any CPU.Build.0 = Debug|Any CPU
		{B55B3936-1F09-4C3A-B703-126A0C2AEBC9}.Release|Any CPU.ActiveCfg = Release|Any CPU
		{B55B3936-1F09-4C3A-B703-126A0C2AEBC9}.Release|Any CPU.Build.0 = Release|Any CPU
	EndGlobalSection
	GlobalSection(SolutionProperties) = preSolution
		HideSolutionNode = FALSE
	EndGlobalSection
	GlobalSection(ExtensibilityGlobals) = postSolution
		SolutionGuid = {505E31FB-A018-4396-9EEF-BE683E8CBB88}
	EndGlobalSection
EndGlobal
