
Microsoft Visual Studio Solution File, Format Version 12.00
# Visual Studio Version 16
VisualStudioVersion = 16.0.31205.134
MinimumVisualStudioVersion = 10.0.40219.1
Project("{FAE04EC0-301F-11D3-BF4B-00C04F79EFBC}") = "testCSharp2", "testCSharp2\testCSharp2.csproj", "{CF5A66BB-A242-4391-AA1E-9C911C8C33C2}"
EndProject
Global
	GlobalSection(SolutionConfigurationPlatforms) = preSolution
		Debug|Any CPU = Debug|Any CPU
		Release|Any CPU = Release|Any CPU
	EndGlobalSection
	GlobalSection(ProjectConfigurationPlatforms) = postSolution
		{CF5A66BB-A242-4391-AA1E-9C911C8C33C2}.Debug|Any CPU.ActiveCfg = Debug|Any CPU
		{CF5A66BB-A242-4391-AA1E-9C911C8C33C2}.Debug|Any CPU.Build.0 = Debug|Any CPU
		{CF5A66BB-A242-4391-AA1E-9C911C8C33C2}.Release|Any CPU.ActiveCfg = Release|Any CPU
		{CF5A66BB-A242-4391-AA1E-9C911C8C33C2}.Release|Any CPU.Build.0 = Release|Any CPU
	EndGlobalSection
	GlobalSection(SolutionProperties) = preSolution
		HideSolutionNode = FALSE
	EndGlobalSection
	GlobalSection(ExtensibilityGlobals) = postSolution
		SolutionGuid = {0B91E08E-5C43-41C9-AA7D-F6D8A64DB81F}
	EndGlobalSection
EndGlobal
