
Microsoft Visual Studio Solution File, Format Version 12.00
# Visual Studio Version 16
VisualStudioVersion = 16.0.31129.286
MinimumVisualStudioVersion = 10.0.40219.1
Project("{FAE04EC0-301F-11D3-BF4B-00C04F79EFBC}") = "lab_5_6_contructor Cotham so", "lab_5_6_contructor Cotham so\lab_5_6_contructor Cotham so.csproj", "{0ECD9C63-8BD0-47F3-A745-9722191CEA6A}"
EndProject
Global
	GlobalSection(SolutionConfigurationPlatforms) = preSolution
		Debug|Any CPU = Debug|Any CPU
		Release|Any CPU = Release|Any CPU
	EndGlobalSection
	GlobalSection(ProjectConfigurationPlatforms) = postSolution
		{0ECD9C63-8BD0-47F3-A745-9722191CEA6A}.Debug|Any CPU.ActiveCfg = Debug|Any CPU
		{0ECD9C63-8BD0-47F3-A745-9722191CEA6A}.Debug|Any CPU.Build.0 = Debug|Any CPU
		{0ECD9C63-8BD0-47F3-A745-9722191CEA6A}.Release|Any CPU.ActiveCfg = Release|Any CPU
		{0ECD9C63-8BD0-47F3-A745-9722191CEA6A}.Release|Any CPU.Build.0 = Release|Any CPU
	EndGlobalSection
	GlobalSection(SolutionProperties) = preSolution
		HideSolutionNode = FALSE
	EndGlobalSection
	GlobalSection(ExtensibilityGlobals) = postSolution
		SolutionGuid = {F6F595BB-A926-4FF1-8B70-4FD991209DDE}
	EndGlobalSection
EndGlobal
