
Microsoft Visual Studio Solution File, Format Version 12.00
# Visual Studio Version 16
VisualStudioVersion = 16.0.31112.23
MinimumVisualStudioVersion = 10.0.40219.1
Project("{FAE04EC0-301F-11D3-BF4B-00C04F79EFBC}") = "bàitajp", "bàitajp\bàitajp.csproj", "{EFAA0E01-10C4-462B-A919-C26C73BC0F46}"
EndProject
Global
	GlobalSection(SolutionConfigurationPlatforms) = preSolution
		Debug|Any CPU = Debug|Any CPU
		Release|Any CPU = Release|Any CPU
	EndGlobalSection
	GlobalSection(ProjectConfigurationPlatforms) = postSolution
		{EFAA0E01-10C4-462B-A919-C26C73BC0F46}.Debug|Any CPU.ActiveCfg = Debug|Any CPU
		{EFAA0E01-10C4-462B-A919-C26C73BC0F46}.Debug|Any CPU.Build.0 = Debug|Any CPU
		{EFAA0E01-10C4-462B-A919-C26C73BC0F46}.Release|Any CPU.ActiveCfg = Release|Any CPU
		{EFAA0E01-10C4-462B-A919-C26C73BC0F46}.Release|Any CPU.Build.0 = Release|Any CPU
	EndGlobalSection
	GlobalSection(SolutionProperties) = preSolution
		HideSolutionNode = FALSE
	EndGlobalSection
	GlobalSection(ExtensibilityGlobals) = postSolution
		SolutionGuid = {28CCB1C7-BEC4-473F-A086-F88E72AD2267}
	EndGlobalSection
EndGlobal
