
Microsoft Visual Studio Solution File, Format Version 12.00
# Visual Studio Version 16
VisualStudioVersion = 16.0.31205.134
MinimumVisualStudioVersion = 10.0.40219.1
Project("{FAE04EC0-301F-11D3-BF4B-00C04F79EFBC}") = "kt_thu_lab78", "kt_thu_lab78.csproj", "{17A4BDB0-56C4-499D-B216-C6C7623FAC30}"
EndProject
Global
	GlobalSection(SolutionConfigurationPlatforms) = preSolution
		Debug|Any CPU = Debug|Any CPU
		Release|Any CPU = Release|Any CPU
	EndGlobalSection
	GlobalSection(ProjectConfigurationPlatforms) = postSolution
		{17A4BDB0-56C4-499D-B216-C6C7623FAC30}.Debug|Any CPU.ActiveCfg = Debug|Any CPU
		{17A4BDB0-56C4-499D-B216-C6C7623FAC30}.Debug|Any CPU.Build.0 = Debug|Any CPU
		{17A4BDB0-56C4-499D-B216-C6C7623FAC30}.Release|Any CPU.ActiveCfg = Release|Any CPU
		{17A4BDB0-56C4-499D-B216-C6C7623FAC30}.Release|Any CPU.Build.0 = Release|Any CPU
	EndGlobalSection
	GlobalSection(SolutionProperties) = preSolution
		HideSolutionNode = FALSE
	EndGlobalSection
	GlobalSection(ExtensibilityGlobals) = postSolution
		SolutionGuid = {8EB6EE25-F643-4E8E-A25A-EE11E26AEDD3}
	EndGlobalSection
EndGlobal
