
Microsoft Visual Studio Solution File, Format Version 12.00
# Visual Studio Version 16
VisualStudioVersion = 16.0.31205.134
MinimumVisualStudioVersion = 10.0.40219.1
Project("{FAE04EC0-301F-11D3-BF4B-00C04F79EFBC}") = "WindowsFormsApp1", "WindowsFormsApp1\WindowsFormsApp1.csproj", "{F33251F1-327B-4A25-B299-4B8E020178DD}"
EndProject
Global
	GlobalSection(SolutionConfigurationPlatforms) = preSolution
		Debug|Any CPU = Debug|Any CPU
		Release|Any CPU = Release|Any CPU
	EndGlobalSection
	GlobalSection(ProjectConfigurationPlatforms) = postSolution
		{F33251F1-327B-4A25-B299-4B8E020178DD}.Debug|Any CPU.ActiveCfg = Debug|Any CPU
		{F33251F1-327B-4A25-B299-4B8E020178DD}.Debug|Any CPU.Build.0 = Debug|Any CPU
		{F33251F1-327B-4A25-B299-4B8E020178DD}.Release|Any CPU.ActiveCfg = Release|Any CPU
		{F33251F1-327B-4A25-B299-4B8E020178DD}.Release|Any CPU.Build.0 = Release|Any CPU
	EndGlobalSection
	GlobalSection(SolutionProperties) = preSolution
		HideSolutionNode = FALSE
	EndGlobalSection
	GlobalSection(ExtensibilityGlobals) = postSolution
		SolutionGuid = {9C9509B4-F896-4DAE-AE95-24923A752B6D}
	EndGlobalSection
EndGlobal
